
Microsoft Visual Studio Solution File, Format Version 12.00
# Visual Studio Version 17
VisualStudioVersion = 17.11.35303.130
MinimumVisualStudioVersion = 10.0.40219.1
Project("{FAE04EC0-301F-11D3-BF4B-00C04F79EFBC}") = "JogoTresMosqueteiros", "JogoTresMosqueteiros.csproj", "{AA6FEBEB-B59B-4402-97E1-B3E92C35173B}"
EndProject
Global
	GlobalSection(SolutionConfigurationPlatforms) = preSolution
		Debug|Any CPU = Debug|Any CPU
		Release|Any CPU = Release|Any CPU
	EndGlobalSection
	GlobalSection(ProjectConfigurationPlatforms) = postSolution
		{AA6FEBEB-B59B-4402-97E1-B3E92C35173B}.Debug|Any CPU.ActiveCfg = Debug|Any CPU
		{AA6FEBEB-B59B-4402-97E1-B3E92C35173B}.Debug|Any CPU.Build.0 = Debug|Any CPU
		{AA6FEBEB-B59B-4402-97E1-B3E92C35173B}.Release|Any CPU.ActiveCfg = Release|Any CPU
		{AA6FEBEB-B59B-4402-97E1-B3E92C35173B}.Release|Any CPU.Build.0 = Release|Any CPU
	EndGlobalSection
	GlobalSection(SolutionProperties) = preSolution
		HideSolutionNode = FALSE
	EndGlobalSection
	GlobalSection(ExtensibilityGlobals) = postSolution
		SolutionGuid = {18CA91DC-E0B0-4A94-A63F-D7194001350F}
	EndGlobalSection
EndGlobal
